
Microsoft Visual Studio Solution File, Format Version 11.00
# Visual Studio 2010
Project("{FAE04EC0-301F-11D3-BF4B-00C04F79EFBC}") = "WIFIHelper", "WIFIHelper\WIFIHelper.csproj", "{463D2FB2-CA58-485E-BAFB-96D0C158C39E}"
EndProject
Global
	GlobalSection(SolutionConfigurationPlatforms) = preSolution
		Crash|Any CPU = Crash|Any CPU
		Crash|x64 = Crash|x64
		Crash|x86 = Crash|x86
		Debug|Any CPU = Debug|Any CPU
		Debug|x64 = Debug|x64
		Debug|x86 = Debug|x86
		Release|Any CPU = Release|Any CPU
		Release|x64 = Release|x64
		Release|x86 = Release|x86
	EndGlobalSection
	GlobalSection(ProjectConfigurationPlatforms) = postSolution
		{463D2FB2-CA58-485E-BAFB-96D0C158C39E}.Crash|Any CPU.ActiveCfg = Release|Any CPU
		{463D2FB2-CA58-485E-BAFB-96D0C158C39E}.Crash|Any CPU.Build.0 = Release|Any CPU
		{463D2FB2-CA58-485E-BAFB-96D0C158C39E}.Crash|x64.ActiveCfg = Release|Any CPU
		{463D2FB2-CA58-485E-BAFB-96D0C158C39E}.Crash|x86.ActiveCfg = Release|Any CPU
		{463D2FB2-CA58-485E-BAFB-96D0C158C39E}.Debug|Any CPU.ActiveCfg = Debug|Any CPU
		{463D2FB2-CA58-485E-BAFB-96D0C158C39E}.Debug|Any CPU.Build.0 = Debug|Any CPU
		{463D2FB2-CA58-485E-BAFB-96D0C158C39E}.Debug|x64.ActiveCfg = Debug|Any CPU
		{463D2FB2-CA58-485E-BAFB-96D0C158C39E}.Debug|x86.ActiveCfg = Debug|Any CPU
		{463D2FB2-CA58-485E-BAFB-96D0C158C39E}.Release|Any CPU.ActiveCfg = Release|Any CPU
		{463D2FB2-CA58-485E-BAFB-96D0C158C39E}.Release|Any CPU.Build.0 = Release|Any CPU
		{463D2FB2-CA58-485E-BAFB-96D0C158C39E}.Release|x64.ActiveCfg = Release|Any CPU
		{463D2FB2-CA58-485E-BAFB-96D0C158C39E}.Release|x86.ActiveCfg = Release|Any CPU
	EndGlobalSection
	GlobalSection(SolutionProperties) = preSolution
		HideSolutionNode = FALSE
	EndGlobalSection
EndGlobal
